
Microsoft Visual Studio Solution File, Format Version 12.00
# Visual Studio Version 17
VisualStudioVersion = 17.6.33815.320
MinimumVisualStudioVersion = 10.0.40219.1
Project("{FAE04EC0-301F-11D3-BF4B-00C04F79EFBC}") = "baris_database_project", "baris_database_project.csproj", "{54B6C67B-B036-4525-8267-150086712DA1}"
EndProject
Global
	GlobalSection(SolutionConfigurationPlatforms) = preSolution
		Debug|Any CPU = Debug|Any CPU
		Release|Any CPU = Release|Any CPU
	EndGlobalSection
	GlobalSection(ProjectConfigurationPlatforms) = postSolution
		{54B6C67B-B036-4525-8267-150086712DA1}.Debug|Any CPU.ActiveCfg = Debug|Any CPU
		{54B6C67B-B036-4525-8267-150086712DA1}.Debug|Any CPU.Build.0 = Debug|Any CPU
		{54B6C67B-B036-4525-8267-150086712DA1}.Release|Any CPU.ActiveCfg = Release|Any CPU
		{54B6C67B-B036-4525-8267-150086712DA1}.Release|Any CPU.Build.0 = Release|Any CPU
	EndGlobalSection
	GlobalSection(SolutionProperties) = preSolution
		HideSolutionNode = FALSE
	EndGlobalSection
	GlobalSection(ExtensibilityGlobals) = postSolution
		SolutionGuid = {A07CCCB6-16A7-41B3-A6D7-84A0273503A4}
	EndGlobalSection
EndGlobal
